# THIS IS AN AUTOGENERATED FILE. DO NOT EDIT THIS FILE DIRECTLY.
# yarn lockfile v1


"@algolia/autocomplete-core@1.6.3":
  version "1.6.3"
  resolved "https://registry.npmmirror.com/@algolia/autocomplete-core/-/autocomplete-core-1.6.3.tgz"
  dependencies:
    "@algolia/autocomplete-shared" "1.6.3"

"@algolia/autocomplete-shared@1.6.3":
  version "1.6.3"
  resolved "https://registry.npmmirror.com/@algolia/autocomplete-shared/-/autocomplete-shared-1.6.3.tgz"

"@algolia/cache-browser-local-storage@4.13.1":
  version "4.13.1"
  resolved "https://registry.npmmirror.com/@algolia/cache-browser-local-storage/-/cache-browser-local-storage-4.13.1.tgz"
  dependencies:
    "@algolia/cache-common" "4.13.1"

"@algolia/cache-common@4.13.1":
  version "4.13.1"
  resolved "https://registry.npmmirror.com/@algolia/cache-common/-/cache-common-4.13.1.tgz"

"@algolia/cache-in-memory@4.13.1":
  version "4.13.1"
  resolved "https://registry.npmmirror.com/@algolia/cache-in-memory/-/cache-in-memory-4.13.1.tgz"
  dependencies:
    "@algolia/cache-common" "4.13.1"

"@algolia/client-account@4.13.1":
  version "4.13.1"
  resolved "https://registry.npmmirror.com/@algolia/client-account/-/client-account-4.13.1.tgz"
  dependencies:
    "@algolia/client-common" "4.13.1"
    "@algolia/client-search" "4.13.1"
    "@algolia/transporter" "4.13.1"

"@algolia/client-analytics@4.13.1":
  version "4.13.1"
  resolved "https://registry.npmmirror.com/@algolia/client-analytics/-/client-analytics-4.13.1.tgz"
  dependencies:
    "@algolia/client-common" "4.13.1"
    "@algolia/client-search" "4.13.1"
    "@algolia/requester-common" "4.13.1"
    "@algolia/transporter" "4.13.1"

"@algolia/client-common@4.13.1":
  version "4.13.1"
  resolved "https://registry.npmmirror.com/@algolia/client-common/-/client-common-4.13.1.tgz"
  dependencies:
    "@algolia/requester-common" "4.13.1"
    "@algolia/transporter" "4.13.1"

"@algolia/client-personalization@4.13.1":
  version "4.13.1"
  resolved "https://registry.npmmirror.com/@algolia/client-personalization/-/client-personalization-4.13.1.tgz"
  dependencies:
    "@algolia/client-common" "4.13.1"
    "@algolia/requester-common" "4.13.1"
    "@algolia/transporter" "4.13.1"

"@algolia/client-search@4.13.1":
  version "4.13.1"
  resolved "https://registry.npmmirror.com/@algolia/client-search/-/client-search-4.13.1.tgz"
  dependencies:
    "@algolia/client-common" "4.13.1"
    "@algolia/requester-common" "4.13.1"
    "@algolia/transporter" "4.13.1"

"@algolia/logger-common@4.13.1":
  version "4.13.1"
  resolved "https://registry.npmmirror.com/@algolia/logger-common/-/logger-common-4.13.1.tgz"

"@algolia/logger-console@4.13.1":
  version "4.13.1"
  resolved "https://registry.npmmirror.com/@algolia/logger-console/-/logger-console-4.13.1.tgz"
  dependencies:
    "@algolia/logger-common" "4.13.1"

"@algolia/requester-browser-xhr@4.13.1":
  version "4.13.1"
  resolved "https://registry.npmmirror.com/@algolia/requester-browser-xhr/-/requester-browser-xhr-4.13.1.tgz"
  dependencies:
    "@algolia/requester-common" "4.13.1"

"@algolia/requester-common@4.13.1":
  version "4.13.1"
  resolved "https://registry.npmmirror.com/@algolia/requester-common/-/requester-common-4.13.1.tgz"

"@algolia/requester-node-http@4.13.1":
  version "4.13.1"
  resolved "https://registry.npmmirror.com/@algolia/requester-node-http/-/requester-node-http-4.13.1.tgz"
  dependencies:
    "@algolia/requester-common" "4.13.1"

"@algolia/transporter@4.13.1":
  version "4.13.1"
  resolved "https://registry.npmmirror.com/@algolia/transporter/-/transporter-4.13.1.tgz"
  dependencies:
    "@algolia/cache-common" "4.13.1"
    "@algolia/logger-common" "4.13.1"
    "@algolia/requester-common" "4.13.1"

"@babel/parser@^7.16.4":
  version "7.18.5"
  resolved "https://registry.npmmirror.com/@babel/parser/-/parser-7.18.5.tgz"

"@docsearch/css@3.1.0", "@docsearch/css@^3.0.0":
  version "3.1.0"
  resolved "https://registry.npmmirror.com/@docsearch/css/-/css-3.1.0.tgz"

"@docsearch/js@^3.0.0":
  version "3.1.0"
  resolved "https://registry.npmmirror.com/@docsearch/js/-/js-3.1.0.tgz"
  dependencies:
    "@docsearch/react" "3.1.0"
    preact "^10.0.0"

"@docsearch/react@3.1.0":
  version "3.1.0"
  resolved "https://registry.npmmirror.com/@docsearch/react/-/react-3.1.0.tgz"
  dependencies:
    "@algolia/autocomplete-core" "1.6.3"
    "@docsearch/css" "3.1.0"
    algoliasearch "^4.0.0"

"@vitejs/plugin-vue@^2.3.2":
  version "2.3.3"
  resolved "https://registry.npmmirror.com/@vitejs/plugin-vue/-/plugin-vue-2.3.3.tgz"

"@vue/compiler-core@3.2.37":
  version "3.2.37"
  resolved "https://registry.npmmirror.com/@vue/compiler-core/-/compiler-core-3.2.37.tgz"
  dependencies:
    "@babel/parser" "^7.16.4"
    "@vue/shared" "3.2.37"
    estree-walker "^2.0.2"
    source-map "^0.6.1"

"@vue/compiler-dom@3.2.37":
  version "3.2.37"
  resolved "https://registry.npmmirror.com/@vue/compiler-dom/-/compiler-dom-3.2.37.tgz"
  dependencies:
    "@vue/compiler-core" "3.2.37"
    "@vue/shared" "3.2.37"

"@vue/compiler-sfc@3.2.37":
  version "3.2.37"
  resolved "https://registry.npmmirror.com/@vue/compiler-sfc/-/compiler-sfc-3.2.37.tgz"
  dependencies:
    "@babel/parser" "^7.16.4"
    "@vue/compiler-core" "3.2.37"
    "@vue/compiler-dom" "3.2.37"
    "@vue/compiler-ssr" "3.2.37"
    "@vue/reactivity-transform" "3.2.37"
    "@vue/shared" "3.2.37"
    estree-walker "^2.0.2"
    magic-string "^0.25.7"
    postcss "^8.1.10"
    source-map "^0.6.1"

"@vue/compiler-ssr@3.2.37":
  version "3.2.37"
  resolved "https://registry.npmmirror.com/@vue/compiler-ssr/-/compiler-ssr-3.2.37.tgz"
  dependencies:
    "@vue/compiler-dom" "3.2.37"
    "@vue/shared" "3.2.37"

"@vue/devtools-api@^6.1.4":
  version "6.1.4"
  resolved "https://registry.npmmirror.com/@vue/devtools-api/-/devtools-api-6.1.4.tgz"

"@vue/reactivity-transform@3.2.37":
  version "3.2.37"
  resolved "https://registry.npmmirror.com/@vue/reactivity-transform/-/reactivity-transform-3.2.37.tgz"
  dependencies:
    "@babel/parser" "^7.16.4"
    "@vue/compiler-core" "3.2.37"
    "@vue/shared" "3.2.37"
    estree-walker "^2.0.2"
    magic-string "^0.25.7"

"@vue/reactivity@3.2.37":
  version "3.2.37"
  resolved "https://registry.npmmirror.com/@vue/reactivity/-/reactivity-3.2.37.tgz"
  dependencies:
    "@vue/shared" "3.2.37"

"@vue/runtime-core@3.2.37":
  version "3.2.37"
  resolved "https://registry.npmmirror.com/@vue/runtime-core/-/runtime-core-3.2.37.tgz"
  dependencies:
    "@vue/reactivity" "3.2.37"
    "@vue/shared" "3.2.37"

"@vue/runtime-dom@3.2.37":
  version "3.2.37"
  resolved "https://registry.npmmirror.com/@vue/runtime-dom/-/runtime-dom-3.2.37.tgz"
  dependencies:
    "@vue/runtime-core" "3.2.37"
    "@vue/shared" "3.2.37"
    csstype "^2.6.8"

"@vue/server-renderer@3.2.37":
  version "3.2.37"
  resolved "https://registry.npmmirror.com/@vue/server-renderer/-/server-renderer-3.2.37.tgz"
  dependencies:
    "@vue/compiler-ssr" "3.2.37"
    "@vue/shared" "3.2.37"

"@vue/shared@3.2.37":
  version "3.2.37"
  resolved "https://registry.npmmirror.com/@vue/shared/-/shared-3.2.37.tgz"

"@vueuse/core@^8.5.0":
  version "8.7.3"
  resolved "https://registry.npmmirror.com/@vueuse/core/-/core-8.7.3.tgz"
  dependencies:
    "@vueuse/metadata" "8.7.3"
    "@vueuse/shared" "8.7.3"
    vue-demi "*"

"@vueuse/metadata@8.7.3":
  version "8.7.3"
  resolved "https://registry.npmmirror.com/@vueuse/metadata/-/metadata-8.7.3.tgz"

"@vueuse/shared@8.7.3":
  version "8.7.3"
  resolved "https://registry.npmmirror.com/@vueuse/shared/-/shared-8.7.3.tgz"
  dependencies:
    vue-demi "*"

algoliasearch@^4.0.0:
  version "4.13.1"
  resolved "https://registry.npmmirror.com/algoliasearch/-/algoliasearch-4.13.1.tgz"
  dependencies:
    "@algolia/cache-browser-local-storage" "4.13.1"
    "@algolia/cache-common" "4.13.1"
    "@algolia/cache-in-memory" "4.13.1"
    "@algolia/client-account" "4.13.1"
    "@algolia/client-analytics" "4.13.1"
    "@algolia/client-common" "4.13.1"
    "@algolia/client-personalization" "4.13.1"
    "@algolia/client-search" "4.13.1"
    "@algolia/logger-common" "4.13.1"
    "@algolia/logger-console" "4.13.1"
    "@algolia/requester-browser-xhr" "4.13.1"
    "@algolia/requester-common" "4.13.1"
    "@algolia/requester-node-http" "4.13.1"
    "@algolia/transporter" "4.13.1"

body-scroll-lock@^4.0.0-beta.0:
  version "4.0.0-beta.0"
  resolved "https://registry.npmmirror.com/body-scroll-lock/-/body-scroll-lock-4.0.0-beta.0.tgz"

csstype@^2.6.8:
  version "2.6.20"
  resolved "https://registry.npmmirror.com/csstype/-/csstype-2.6.20.tgz"

esbuild-android-64@0.14.45:
  version "0.14.45"
  resolved "https://registry.yarnpkg.com/esbuild-android-64/-/esbuild-android-64-0.14.45.tgz#696f078d97a1350ceea5db626b3bc4a60fc13555"

esbuild-android-arm64@0.14.45:
  version "0.14.45"
  resolved "https://registry.yarnpkg.com/esbuild-android-arm64/-/esbuild-android-arm64-0.14.45.tgz#d229da8040cea4a0041756d1abcea375b4e3f9db"

esbuild-darwin-64@0.14.45:
  version "0.14.45"
  resolved "https://registry.npmmirror.com/esbuild-darwin-64/-/esbuild-darwin-64-0.14.45.tgz"

esbuild-darwin-arm64@0.14.45:
  version "0.14.45"
  resolved "https://registry.yarnpkg.com/esbuild-darwin-arm64/-/esbuild-darwin-arm64-0.14.45.tgz#d4df2871b94351d7d5561e41f91aadba46857838"

esbuild-freebsd-64@0.14.45:
  version "0.14.45"
  resolved "https://registry.yarnpkg.com/esbuild-freebsd-64/-/esbuild-freebsd-64-0.14.45.tgz#e90106a2db3f5b0771392d3f9d8801b3138825c6"

esbuild-freebsd-arm64@0.14.45:
  version "0.14.45"
  resolved "https://registry.yarnpkg.com/esbuild-freebsd-arm64/-/esbuild-freebsd-arm64-0.14.45.tgz#e734c8ae8042cd9224406d45d6992261382bcbde"

esbuild-linux-32@0.14.45:
  version "0.14.45"
  resolved "https://registry.yarnpkg.com/esbuild-linux-32/-/esbuild-linux-32-0.14.45.tgz#0f814a784c941bfd5a5dca7ff742b57744c5324b"

esbuild-linux-64@0.14.45:
  version "0.14.45"
  resolved "https://registry.yarnpkg.com/esbuild-linux-64/-/esbuild-linux-64-0.14.45.tgz#2028a6dfb3fea7a5dd5e87cf00d02a36a3373e3c"

esbuild-linux-arm64@0.14.45:
  version "0.14.45"
  resolved "https://registry.yarnpkg.com/esbuild-linux-arm64/-/esbuild-linux-arm64-0.14.45.tgz#6fef4165583215918d45150148ac0a18d5ef6323"

esbuild-linux-arm@0.14.45:
  version "0.14.45"
  resolved "https://registry.yarnpkg.com/esbuild-linux-arm/-/esbuild-linux-arm-0.14.45.tgz#e454f701ae5371322c8265f4356e098611e51f96"

esbuild-linux-mips64le@0.14.45:
  version "0.14.45"
  resolved "https://registry.yarnpkg.com/esbuild-linux-mips64le/-/esbuild-linux-mips64le-0.14.45.tgz#093cc86be71f9b0cd2876da23ee2f5d35b09a247"

esbuild-linux-ppc64le@0.14.45:
  version "0.14.45"
  resolved "https://registry.yarnpkg.com/esbuild-linux-ppc64le/-/esbuild-linux-ppc64le-0.14.45.tgz#8bddbf67157027e917b6e5b04230d7cf14d62cf2"

esbuild-linux-riscv64@0.14.45:
  version "0.14.45"
  resolved "https://registry.yarnpkg.com/esbuild-linux-riscv64/-/esbuild-linux-riscv64-0.14.45.tgz#0f234f63595159cfc976fd5310e7902e8b5a7ad7"

esbuild-linux-s390x@0.14.45:
  version "0.14.45"
  resolved "https://registry.yarnpkg.com/esbuild-linux-s390x/-/esbuild-linux-s390x-0.14.45.tgz#272288e0f30e4fa0f01d6df6572602c7df78c256"

esbuild-netbsd-64@0.14.45:
  version "0.14.45"
  resolved "https://registry.yarnpkg.com/esbuild-netbsd-64/-/esbuild-netbsd-64-0.14.45.tgz#0f9af25773e025cd1ca5e22277661cb15d36b406"

esbuild-openbsd-64@0.14.45:
  version "0.14.45"
  resolved "https://registry.yarnpkg.com/esbuild-openbsd-64/-/esbuild-openbsd-64-0.14.45.tgz#6d47a564eb4b80d9e3aeb4493918b36d17440228"

esbuild-sunos-64@0.14.45:
  version "0.14.45"
  resolved "https://registry.yarnpkg.com/esbuild-sunos-64/-/esbuild-sunos-64-0.14.45.tgz#cca97d7d31214bddfa1970386883d1f3f2868cec"

esbuild-windows-32@0.14.45:
  version "0.14.45"
  resolved "https://registry.yarnpkg.com/esbuild-windows-32/-/esbuild-windows-32-0.14.45.tgz#afd98449fd6a741a4655e3e4f0e5ae7081765baf"

esbuild-windows-64@0.14.45:
  version "0.14.45"
  resolved "https://registry.yarnpkg.com/esbuild-windows-64/-/esbuild-windows-64-0.14.45.tgz#5d284b712b119c6306ac5f32e2a611ac6eec2842"

esbuild-windows-arm64@0.14.45:
  version "0.14.45"
  resolved "https://registry.yarnpkg.com/esbuild-windows-arm64/-/esbuild-windows-arm64-0.14.45.tgz#08089d4cc921939ed352d9c2d928b5d867a6dc67"

esbuild@^0.14.27:
  version "0.14.45"
  resolved "https://registry.npmmirror.com/esbuild/-/esbuild-0.14.45.tgz"
  optionalDependencies:
    esbuild-android-64 "0.14.45"
    esbuild-android-arm64 "0.14.45"
    esbuild-darwin-64 "0.14.45"
    esbuild-darwin-arm64 "0.14.45"
    esbuild-freebsd-64 "0.14.45"
    esbuild-freebsd-arm64 "0.14.45"
    esbuild-linux-32 "0.14.45"
    esbuild-linux-64 "0.14.45"
    esbuild-linux-arm "0.14.45"
    esbuild-linux-arm64 "0.14.45"
    esbuild-linux-mips64le "0.14.45"
    esbuild-linux-ppc64le "0.14.45"
    esbuild-linux-riscv64 "0.14.45"
    esbuild-linux-s390x "0.14.45"
    esbuild-netbsd-64 "0.14.45"
    esbuild-openbsd-64 "0.14.45"
    esbuild-sunos-64 "0.14.45"
    esbuild-windows-32 "0.14.45"
    esbuild-windows-64 "0.14.45"
    esbuild-windows-arm64 "0.14.45"

estree-walker@^2.0.2:
  version "2.0.2"
  resolved "https://registry.npmmirror.com/estree-walker/-/estree-walker-2.0.2.tgz"

fsevents@~2.3.2:
  version "2.3.2"
  resolved "https://registry.npmmirror.com/fsevents/-/fsevents-2.3.2.tgz"

function-bind@^1.1.1:
  version "1.1.1"
  resolved "https://registry.npmmirror.com/function-bind/-/function-bind-1.1.1.tgz"

has@^1.0.3:
  version "1.0.3"
  resolved "https://registry.npmmirror.com/has/-/has-1.0.3.tgz"
  dependencies:
    function-bind "^1.1.1"

is-core-module@^2.8.1:
  version "2.9.0"
  resolved "https://registry.npmmirror.com/is-core-module/-/is-core-module-2.9.0.tgz"
  dependencies:
    has "^1.0.3"

jsonc-parser@^3.0.0:
  version "3.0.0"
  resolved "https://registry.npmmirror.com/jsonc-parser/-/jsonc-parser-3.0.0.tgz"

magic-string@^0.25.7:
  version "0.25.9"
  resolved "https://registry.npmmirror.com/magic-string/-/magic-string-0.25.9.tgz"
  dependencies:
    sourcemap-codec "^1.4.8"

nanoid@^3.3.4:
  version "3.3.4"
  resolved "https://registry.npmmirror.com/nanoid/-/nanoid-3.3.4.tgz"

path-parse@^1.0.7:
  version "1.0.7"
  resolved "https://registry.npmmirror.com/path-parse/-/path-parse-1.0.7.tgz"

picocolors@^1.0.0:
  version "1.0.0"
  resolved "https://registry.npmmirror.com/picocolors/-/picocolors-1.0.0.tgz"

postcss@^8.1.10, postcss@^8.4.13:
  version "8.4.14"
  resolved "https://registry.npmmirror.com/postcss/-/postcss-8.4.14.tgz"
  dependencies:
    nanoid "^3.3.4"
    picocolors "^1.0.0"
    source-map-js "^1.0.2"

preact@^10.0.0:
  version "10.8.1"
  resolved "https://registry.npmmirror.com/preact/-/preact-10.8.1.tgz"

resolve@^1.22.0:
  version "1.22.0"
  resolved "https://registry.npmmirror.com/resolve/-/resolve-1.22.0.tgz"
  dependencies:
    is-core-module "^2.8.1"
    path-parse "^1.0.7"
    supports-preserve-symlinks-flag "^1.0.0"

"rollup@>=2.59.0 <2.78.0":
  version "2.77.3"
  resolved "https://registry.yarnpkg.com/rollup/-/rollup-2.77.3.tgz#8f00418d3a2740036e15deb653bed1a90ee0cc12"
  optionalDependencies:
    fsevents "~2.3.2"

shiki@^0.10.1:
  version "0.10.1"
  resolved "https://registry.npmmirror.com/shiki/-/shiki-0.10.1.tgz"
  dependencies:
    jsonc-parser "^3.0.0"
    vscode-oniguruma "^1.6.1"
    vscode-textmate "5.2.0"

source-map-js@^1.0.2:
  version "1.0.2"
  resolved "https://registry.npmmirror.com/source-map-js/-/source-map-js-1.0.2.tgz"

source-map@^0.6.1:
  version "0.6.1"
  resolved "https://registry.npmmirror.com/source-map/-/source-map-0.6.1.tgz"

sourcemap-codec@^1.4.8:
  version "1.4.8"
  resolved "https://registry.npmmirror.com/sourcemap-codec/-/sourcemap-codec-1.4.8.tgz"

supports-preserve-symlinks-flag@^1.0.0:
  version "1.0.0"
  resolved "https://registry.npmmirror.com/supports-preserve-symlinks-flag/-/supports-preserve-symlinks-flag-1.0.0.tgz"

vite@^2.9.7:
  version "2.9.16"
  resolved "https://registry.yarnpkg.com/vite/-/vite-2.9.16.tgz#daf7ba50f5cc37a7bf51b118ba06bc36e97898e9"
  dependencies:
    esbuild "^0.14.27"
    postcss "^8.4.13"
    resolve "^1.22.0"
    rollup ">=2.59.0 <2.78.0"
  optionalDependencies:
    fsevents "~2.3.2"

vitepress@^1.0.0-alpha.4:
  version "1.0.0-alpha.4"
  resolved "https://registry.npmmirror.com/vitepress/-/vitepress-1.0.0-alpha.4.tgz"
  dependencies:
    "@docsearch/css" "^3.0.0"
    "@docsearch/js" "^3.0.0"
    "@vitejs/plugin-vue" "^2.3.2"
    "@vue/devtools-api" "^6.1.4"
    "@vueuse/core" "^8.5.0"
    body-scroll-lock "^4.0.0-beta.0"
    shiki "^0.10.1"
    vite "^2.9.7"
    vue "^3.2.33"

vscode-oniguruma@^1.6.1:
  version "1.6.2"
  resolved "https://registry.npmmirror.com/vscode-oniguruma/-/vscode-oniguruma-1.6.2.tgz"

vscode-textmate@5.2.0:
  version "5.2.0"
  resolved "https://registry.npmmirror.com/vscode-textmate/-/vscode-textmate-5.2.0.tgz"

vue-demi@*:
  version "0.13.1"
  resolved "https://registry.npmmirror.com/vue-demi/-/vue-demi-0.13.1.tgz"

vue@^3.2.33, vue@^3.2.37:
  version "3.2.37"
  resolved "https://registry.npmmirror.com/vue/-/vue-3.2.37.tgz"
  dependencies:
    "@vue/compiler-dom" "3.2.37"
    "@vue/compiler-sfc" "3.2.37"
    "@vue/runtime-dom" "3.2.37"
    "@vue/server-renderer" "3.2.37"
    "@vue/shared" "3.2.37"
